
Microsoft Visual Studio Solution File, Format Version 12.00
# Visual Studio Version 16
VisualStudioVersion = 16.0.33529.622
MinimumVisualStudioVersion = 10.0.40219.1
Project("{FAE04EC0-301F-11D3-BF4B-00C04F79EFBC}") = "loginform", "sign up\loginform.csproj", "{51F9E053-BB8B-48FE-A5F9-370FE7887FF6}"
EndProject
Global
	GlobalSection(SolutionConfigurationPlatforms) = preSolution
		Debug|Any CPU = Debug|Any CPU
		Release|Any CPU = Release|Any CPU
	EndGlobalSection
	GlobalSection(ProjectConfigurationPlatforms) = postSolution
		{51F9E053-BB8B-48FE-A5F9-370FE7887FF6}.Debug|Any CPU.ActiveCfg = Debug|Any CPU
		{51F9E053-BB8B-48FE-A5F9-370FE7887FF6}.Debug|Any CPU.Build.0 = Debug|Any CPU
		{51F9E053-BB8B-48FE-A5F9-370FE7887FF6}.Release|Any CPU.ActiveCfg = Release|Any CPU
		{51F9E053-BB8B-48FE-A5F9-370FE7887FF6}.Release|Any CPU.Build.0 = Release|Any CPU
	EndGlobalSection
	GlobalSection(SolutionProperties) = preSolution
		HideSolutionNode = FALSE
	EndGlobalSection
	GlobalSection(ExtensibilityGlobals) = postSolution
		SolutionGuid = {A102B8C3-D029-49EA-9925-6C3DD51FB54B}
	EndGlobalSection
EndGlobal
